
Microsoft Visual Studio Solution File, Format Version 12.00
# Visual Studio Version 17
VisualStudioVersion = 17.3.32804.467
MinimumVisualStudioVersion = 10.0.40219.1
Project("{9A19103F-16F7-4668-BE54-9A1E7A4F7556}") = "DataMarkup.Api", "DataMarkup.Api\DataMarkup.Api.csproj", "{B4F0B581-B0A3-4CBC-B6D3-DA24002A2ED3}"
EndProject
Project("{FAE04EC0-301F-11D3-BF4B-00C04F79EFBC}") = "DataMarkup.Frontend", "DataMarkup.Frontend\DataMarkup.Frontend.csproj", "{C9E07144-59FE-461D-9696-B1CEE09CA764}"
EndProject
Global
	GlobalSection(SolutionConfigurationPlatforms) = preSolution
		Debug|Any CPU = Debug|Any CPU
		Release|Any CPU = Release|Any CPU
	EndGlobalSection
	GlobalSection(ProjectConfigurationPlatforms) = postSolution
		{B4F0B581-B0A3-4CBC-B6D3-DA24002A2ED3}.Debug|Any CPU.ActiveCfg = Debug|Any CPU
		{B4F0B581-B0A3-4CBC-B6D3-DA24002A2ED3}.Debug|Any CPU.Build.0 = Debug|Any CPU
		{B4F0B581-B0A3-4CBC-B6D3-DA24002A2ED3}.Release|Any CPU.ActiveCfg = Release|Any CPU
		{B4F0B581-B0A3-4CBC-B6D3-DA24002A2ED3}.Release|Any CPU.Build.0 = Release|Any CPU
		{C9E07144-59FE-461D-9696-B1CEE09CA764}.Debug|Any CPU.ActiveCfg = Debug|Any CPU
		{C9E07144-59FE-461D-9696-B1CEE09CA764}.Debug|Any CPU.Build.0 = Debug|Any CPU
		{C9E07144-59FE-461D-9696-B1CEE09CA764}.Release|Any CPU.ActiveCfg = Release|Any CPU
		{C9E07144-59FE-461D-9696-B1CEE09CA764}.Release|Any CPU.Build.0 = Release|Any CPU
	EndGlobalSection
	GlobalSection(SolutionProperties) = preSolution
		HideSolutionNode = FALSE
	EndGlobalSection
	GlobalSection(ExtensibilityGlobals) = postSolution
		SolutionGuid = {FB135952-48AA-4F2E-B3E4-035B68F38765}
	EndGlobalSection
EndGlobal
